# This file is automatically @generated by Poetry 1.7.1 and should not be changed by hand.

[[package]]
name = "cmake"
version = "3.28.1"
description = "CMake is an open-source, cross-platform family of tools designed to build, test and package software"
optional = false
python-versions = "*"
files = [
    {file = "cmake-3.28.1-py2.py3-none-macosx_10_10_universal2.macosx_10_10_x86_64.macosx_11_0_arm64.macosx_11_0_universal2.whl", hash = "sha256:9c77c47afef821c0044ba73d182c386ab02e92e6bda5296e553c12455a083f29"},
    {file = "cmake-3.28.1-py2.py3-none-manylinux2010_i686.manylinux_2_12_i686.whl", hash = "sha256:6a9549755d1178426502753d48949edae9bb0c66f15a07f09904783125beb0e3"},
    {file = "cmake-3.28.1-py2.py3-none-manylinux2010_x86_64.manylinux_2_12_x86_64.whl", hash = "sha256:d0978cdd08c0ebc76f4f8543aba1381a41580dcb9c3bcffb536c41337b75aea1"},
    {file = "cmake-3.28.1-py2.py3-none-manylinux2014_aarch64.manylinux_2_17_aarch64.whl", hash = "sha256:96d506c417d63bbcff19b3e9eaa69fe546456a0ddeffe914bcbb23cceee6818e"},
    {file = "cmake-3.28.1-py2.py3-none-manylinux2014_i686.manylinux_2_17_i686.whl", hash = "sha256:74c9878c504ccc6ddd5b0914cbe3b86417a36a2c2dfc486040bfdfe63fbbb1ac"},
    {file = "cmake-3.28.1-py2.py3-none-manylinux2014_ppc64le.manylinux_2_17_ppc64le.whl", hash = "sha256:64d4642c48486bb4320540781a2266c2060929d1e236d6eb2b2c96273e75e958"},
    {file = "cmake-3.28.1-py2.py3-none-manylinux2014_s390x.manylinux_2_17_s390x.whl", hash = "sha256:363bd0124d71d7e3d9b1ac9bd1dce1d80ba90f48b264c3bf9dbfcfda875cafc9"},
    {file = "cmake-3.28.1-py2.py3-none-manylinux2014_x86_64.manylinux_2_17_x86_64.whl", hash = "sha256:1be8f351271f8bcbe32288066e5add642d7c32f2f8fec3f135949c2cb13dfac2"},
    {file = "cmake-3.28.1-py2.py3-none-musllinux_1_1_aarch64.whl", hash = "sha256:3ed193134a4937bad8de2b4f62faebc8c1a4049cd37dad9767db7e7d91a08b52"},
    {file = "cmake-3.28.1-py2.py3-none-musllinux_1_1_i686.whl", hash = "sha256:6ffb1fdb0b0f7f11271d82b5892c2edc109d561e186f882def095970403e2110"},
    {file = "cmake-3.28.1-py2.py3-none-musllinux_1_1_ppc64le.whl", hash = "sha256:9ea12ebe4b8266f04d6619ed64860bd6e687522f02caf3131515dd39d614ef00"},
    {file = "cmake-3.28.1-py2.py3-none-musllinux_1_1_s390x.whl", hash = "sha256:2ad22d897d2ed38544e5ef26ee21c4dccc38e938660cd07497fd6bdba0993ea6"},
    {file = "cmake-3.28.1-py2.py3-none-musllinux_1_1_x86_64.whl", hash = "sha256:379a730b274f39e5858ef2107861b2727918493347b0ccdd5f62bcbb6a8450d9"},
    {file = "cmake-3.28.1-py2.py3-none-win32.whl", hash = "sha256:c82bc0eb1495cf518cb4f355b8a73e584e67d53453406c0498bacc454cf6c404"},
    {file = "cmake-3.28.1-py2.py3-none-win_amd64.whl", hash = "sha256:bb03ed4753185d0c70c0bc3212e5533e20eb2c17fa0ca1e7603b702c6d0db8cf"},
    {file = "cmake-3.28.1-py2.py3-none-win_arm64.whl", hash = "sha256:40f0671c05ef7eec27c4f53c63630b0b621e40f80ab38607d3a0e3a1f2c9242a"},
    {file = "cmake-3.28.1.tar.gz", hash = "sha256:0d4051d101d151d8387156c463aa45c8cd0e164f870e0ac0c8c91d3ff08528e1"},
]

[package.extras]
test = ["coverage (>=4.2)", "importlib-metadata (>=2.0)", "pytest (>=3.0.3)", "pytest-cov (>=2.4.0)"]

[[package]]
name = "distro"
version = "1.8.0"
description = "Distro - an OS platform information API"
optional = false
python-versions = ">=3.6"
files = [
    {file = "distro-1.8.0-py3-none-any.whl", hash = "sha256:99522ca3e365cac527b44bde033f64c6945d90eb9f769703caaec52b09bbd3ff"},
    {file = "distro-1.8.0.tar.gz", hash = "sha256:02e111d1dc6a50abb8eed6bf31c3e48ed8b0830d1ea2a1b78c61765c2513fdd8"},
]

[[package]]
name = "ninja"
version = "1.11.1.1"
description = "Ninja is a small build system with a focus on speed"
optional = false
python-versions = "*"
files = [
    {file = "ninja-1.11.1.1-py2.py3-none-macosx_10_9_universal2.macosx_10_9_x86_64.macosx_11_0_arm64.macosx_11_0_universal2.whl", hash = "sha256:376889c76d87b95b5719fdd61dd7db193aa7fd4432e5d52d2e44e4c497bdbbee"},
    {file = "ninja-1.11.1.1-py2.py3-none-manylinux1_i686.manylinux_2_5_i686.whl", hash = "sha256:ecf80cf5afd09f14dcceff28cb3f11dc90fb97c999c89307aea435889cb66877"},
    {file = "ninja-1.11.1.1-py2.py3-none-manylinux1_x86_64.manylinux_2_5_x86_64.whl", hash = "sha256:84502ec98f02a037a169c4b0d5d86075eaf6afc55e1879003d6cab51ced2ea4b"},
    {file = "ninja-1.11.1.1-py2.py3-none-manylinux2014_aarch64.manylinux_2_17_aarch64.whl", hash = "sha256:73b93c14046447c7c5cc892433d4fae65d6364bec6685411cb97a8bcf815f93a"},
    {file = "ninja-1.11.1.1-py2.py3-none-manylinux2014_ppc64le.manylinux_2_17_ppc64le.whl", hash = "sha256:18302d96a5467ea98b68e1cae1ae4b4fb2b2a56a82b955193c637557c7273dbd"},
    {file = "ninja-1.11.1.1-py2.py3-none-manylinux2014_s390x.manylinux_2_17_s390x.whl", hash = "sha256:aad34a70ef15b12519946c5633344bc775a7656d789d9ed5fdb0d456383716ef"},
    {file = "ninja-1.11.1.1-py2.py3-none-musllinux_1_1_aarch64.whl", hash = "sha256:d491fc8d89cdcb416107c349ad1e3a735d4c4af5e1cb8f5f727baca6350fdaea"},
    {file = "ninja-1.11.1.1-py2.py3-none-musllinux_1_1_i686.whl", hash = "sha256:7563ce1d9fe6ed5af0b8dd9ab4a214bf4ff1f2f6fd6dc29f480981f0f8b8b249"},
    {file = "ninja-1.11.1.1-py2.py3-none-musllinux_1_1_ppc64le.whl", hash = "sha256:9df724344202b83018abb45cb1efc22efd337a1496514e7e6b3b59655be85205"},
    {file = "ninja-1.11.1.1-py2.py3-none-musllinux_1_1_s390x.whl", hash = "sha256:3e0f9be5bb20d74d58c66cc1c414c3e6aeb45c35b0d0e41e8d739c2c0d57784f"},
    {file = "ninja-1.11.1.1-py2.py3-none-musllinux_1_1_x86_64.whl", hash = "sha256:76482ba746a2618eecf89d5253c0d1e4f1da1270d41e9f54dfbd91831b0f6885"},
    {file = "ninja-1.11.1.1-py2.py3-none-win32.whl", hash = "sha256:fa2ba9d74acfdfbfbcf06fad1b8282de8a7a8c481d9dee45c859a8c93fcc1082"},
    {file = "ninja-1.11.1.1-py2.py3-none-win_amd64.whl", hash = "sha256:95da904130bfa02ea74ff9c0116b4ad266174fafb1c707aa50212bc7859aebf1"},
    {file = "ninja-1.11.1.1-py2.py3-none-win_arm64.whl", hash = "sha256:185e0641bde601e53841525c4196278e9aaf4463758da6dd1e752c0a0f54136a"},
    {file = "ninja-1.11.1.1.tar.gz", hash = "sha256:9d793b08dd857e38d0b6ffe9e6b7145d7c485a42dcfea04905ca0cdb6017cc3c"},
]

[package.extras]
test = ["codecov (>=2.0.5)", "coverage (>=4.2)", "flake8 (>=3.0.4)", "pytest (>=4.5.0)", "pytest-cov (>=2.7.1)", "pytest-runner (>=5.1)", "pytest-virtualenv (>=1.7.0)", "virtualenv (>=15.0.3)"]

[[package]]
name = "packaging"
version = "23.2"
description = "Core utilities for Python packages"
optional = false
python-versions = ">=3.7"
files = [
    {file = "packaging-23.2-py3-none-any.whl", hash = "sha256:8c491190033a9af7e1d931d0b5dacc2ef47509b34dd0de67ed209b5203fc88c7"},
    {file = "packaging-23.2.tar.gz", hash = "sha256:048fb0e9405036518eaaf48a55953c750c11e1a1b68e0dd1a9d62ed0c092cfc5"},
]

[[package]]
name = "scikit-build"
version = "0.17.6"
description = "Improved build system generator for Python C/C++/Fortran/Cython extensions"
optional = false
python-versions = ">=3.7"
files = [
    {file = "scikit_build-0.17.6-py3-none-any.whl", hash = "sha256:18bd55e81841106eec93f30a297df4f301003791c41be46ef6428d58bd42d6b3"},
    {file = "scikit_build-0.17.6.tar.gz", hash = "sha256:b51a51a36b37c42650994b5047912f59b22e3210b23e321f287611f9ef6e5c9d"},
]

[package.dependencies]
distro = "*"
packaging = "*"
setuptools = ">=42.0.0"
tomli = {version = "*", markers = "python_version < \"3.11\""}
wheel = ">=0.32.0"

[package.extras]
cov = ["coverage[toml] (>=4.2)", "pytest-cov (>=2.7.1)"]
docs = ["pygments", "sphinx (>=4)", "sphinx-issues", "sphinx-rtd-theme (>=1.0)", "sphinxcontrib-moderncmakedomain (>=3.19)"]
doctest = ["ubelt (>=0.8.2)", "xdoctest (>=0.10.0)"]
test = ["build (>=0.7)", "cython (>=0.25.1)", "importlib-metadata", "pytest (>=6.0.0)", "pytest-mock (>=1.10.4)", "requests", "virtualenv"]

[[package]]
name = "setuptools"
version = "69.0.2"
description = "Easily download, build, install, upgrade, and uninstall Python packages"
optional = false
python-versions = ">=3.8"
files = [
    {file = "setuptools-69.0.2-py3-none-any.whl", hash = "sha256:1e8fdff6797d3865f37397be788a4e3cba233608e9b509382a2777d25ebde7f2"},
    {file = "setuptools-69.0.2.tar.gz", hash = "sha256:735896e78a4742605974de002ac60562d286fa8051a7e2299445e8e8fbb01aa6"},
]

[package.extras]
docs = ["furo", "jaraco.packaging (>=9.3)", "jaraco.tidelift (>=1.4)", "pygments-github-lexers (==0.0.5)", "rst.linker (>=1.9)", "sphinx (<7.2.5)", "sphinx (>=3.5)", "sphinx-favicon", "sphinx-inline-tabs", "sphinx-lint", "sphinx-notfound-page (>=1,<2)", "sphinx-reredirects", "sphinxcontrib-towncrier"]
testing = ["build[virtualenv]", "filelock (>=3.4.0)", "flake8-2020", "ini2toml[lite] (>=0.9)", "jaraco.develop (>=7.21)", "jaraco.envs (>=2.2)", "jaraco.path (>=3.2.0)", "pip (>=19.1)", "pytest (>=6)", "pytest-black (>=0.3.7)", "pytest-checkdocs (>=2.4)", "pytest-cov", "pytest-enabler (>=2.2)", "pytest-mypy (>=0.9.1)", "pytest-perf", "pytest-ruff", "pytest-timeout", "pytest-xdist", "tomli-w (>=1.0.0)", "virtualenv (>=13.0.0)", "wheel"]
testing-integration = ["build[virtualenv] (>=1.0.3)", "filelock (>=3.4.0)", "jaraco.envs (>=2.2)", "jaraco.path (>=3.2.0)", "packaging (>=23.1)", "pytest", "pytest-enabler", "pytest-xdist", "tomli", "virtualenv (>=13.0.0)", "wheel"]

[[package]]
name = "tomli"
version = "2.0.1"
description = "A lil' TOML parser"
optional = false
python-versions = ">=3.7"
files = [
    {file = "tomli-2.0.1-py3-none-any.whl", hash = "sha256:939de3e7a6161af0c887ef91b7d41a53e7c5a1ca976325f429cb46ea9bc30ecc"},
    {file = "tomli-2.0.1.tar.gz", hash = "sha256:de526c12914f0c550d15924c62d72abc48d6fe7364aa87328337a31007fe8a4f"},
]

[[package]]
name = "wheel"
version = "0.42.0"
description = "A built-package format for Python"
optional = false
python-versions = ">=3.7"
files = [
    {file = "wheel-0.42.0-py3-none-any.whl", hash = "sha256:177f9c9b0d45c47873b619f5b650346d632cdc35fb5e4d25058e09c9e581433d"},
    {file = "wheel-0.42.0.tar.gz", hash = "sha256:c45be39f7882c9d34243236f2d63cbd58039e360f85d0913425fbd7ceea617a8"},
]

[package.extras]
test = ["pytest (>=6.0.0)", "setuptools (>=65)"]

[metadata]
lock-version = "2.0"
python-versions = "^3.10"
content-hash = "0a6556b1537f898cb55515ded04479c0750a680c0443895a7d502783234fc3b8"
